{
  "version": 4,
  "terraform_version": "1.1.7",
  "serial": 29,
  "lineage": "c328ef89-025d-4c60-2554-43e7dfbc9e2b",
  "outputs": {},
  "resources": [
    {
      "mode": "managed",
      "type": "aws_eks_cluster",
      "name": "Cluster_1",
      "provider": "provider[\"registry.terraform.io/hashicorp/aws\"]",
      "instances": [
        {
          "schema_version": 0,
          "attributes": {
            "arn": "arn:aws:eks:eu-west-1:414399442808:cluster/k8s_cluster_sonal",
            "certificate_authority": [
              {
                "data": "LS0tLS1CRUdJTiBDRVJUSUZJQ0FURS0tLS0tCk1JSUM1ekNDQWMrZ0F3SUJBZ0lCQURBTkJna3Foa2lHOXcwQkFRc0ZBREFWTVJNd0VRWURWUVFERXdwcmRXSmwKY201bGRHVnpNQjRYRFRJeU1EUXdPREEzTWpJMU5Wb1hEVE15TURRd05UQTNNakkxTlZvd0ZURVRNQkVHQTFVRQpBeE1LYTNWaVpYSnVaWFJsY3pDQ0FTSXdEUVlKS29aSWh2Y05BUUVCQlFBRGdnRVBBRENDQVFvQ2dnRUJBTVV1CjFkOXlMUklnSG5FMnI1RERFZUdHYW42c1pObEVkTm1aTnQxWXZLeG1Fd0dpU1EvY2IrU1RsMFA1WTRvV2RBZVMKYjYrRHpiL0dSRm4vTHNyNlhIQWhTOUh3WHJpQ3lqaUlGWjJnL25Fa2JSMUpxQ3FnelROOHNpeVdlZThIeGY5OQpKSXF4bkFLb2hKY2Rsb3lzT2JZUDZTVCs1T0RaL2dGWXBidnVnajZjRmdSVmlLYzNVRUNxc1NSdmRTdzdCc0dpCjVjOWNEKy9pV1I2U2xKVGsxQVNzem5uWmVYOWs0S04reWs0ZkxMUnN2K3c2NEk2SldEU1IrM3cvUEcvVkN5aEIKeDJqY3VaYmdKNTNxMTl1ejJFVnBmZ1dPTXdkVjI2VVl3eklBZ2tDWlNWMWR1MjI4RkVPTTJrK0RleTdNS2RvTwpQZElmM0ExelBxMFFPMllLRHA4Q0F3RUFBYU5DTUVBd0RnWURWUjBQQVFIL0JBUURBZ0trTUE4R0ExVWRFd0VCCi93UUZNQU1CQWY4d0hRWURWUjBPQkJZRUZGeXNJWXRCTEk3QTNEMVNPTlQySERYeGllOGRNQTBHQ1NxR1NJYjMKRFFFQkN3VUFBNElCQVFCdVJKbGRRdHpPbXc2SGUxWEJlV0Mva3hXeGJ3c0wrMVV2ckRxcDZCZjlocVNmSFVRaApVVk4zOG5HZ2dhbjFVdlBWNGViMExaL1NWZXRadzh6Z0ZOWnF3OE83djhXZFJSSkpRNHRXTWhUeXRmbkxiaXdwCi93Z0dPbVZrOUhidTZuaXpob2FramxGUjUvbjNZbzFHbUVjdkhyVlB0VHNhVkJiMmFFWEFoajFDZkVBWFh4a0MKb2ZrMWFLRER0S3lSUTk2NFNJakVoY3ZvdWo3cW5LeWM4ZjYxSlhQOEhUNnZpdjRGazY2Q2ZhdG4wdjRIbExXbQpkOXBXUzdPZWcyM3JzNVNna1NDa0hxVERIcURzQzlBTmFxS1dOS3h2RzFaOEFqUllmZno5UXdGOHBsU1NrTXpXCmFQK2dDZzh0dDdHWVQwTEZHUGRYR1ZHM3JEVzlEUURFNGNrZgotLS0tLUVORCBDRVJUSUZJQ0FURS0tLS0tCg=="
              }
            ],
            "created_at": "2022-04-08 07:17:41.33 +0000 UTC",
            "enabled_cluster_log_types": null,
            "encryption_config": [],
            "endpoint": "https://C1423D2C96756562861D296962590929.yl4.eu-west-1.eks.amazonaws.com",
            "id": "k8s_cluster_sonal",
            "identity": [
              {
                "oidc": [
                  {
                    "issuer": "https://oidc.eks.eu-west-1.amazonaws.com/id/C1423D2C96756562861D296962590929"
                  }
                ]
              }
            ],
            "kubernetes_network_config": [
              {
                "ip_family": "ipv4",
                "service_ipv4_cidr": "172.20.0.0/16"
              }
            ],
            "name": "k8s_cluster_sonal",
            "platform_version": "eks.6",
            "role_arn": "arn:aws:iam::414399442808:role/terraformekscluster",
            "status": "ACTIVE",
            "tags": null,
            "tags_all": {},
            "timeouts": null,
            "version": "1.21",
            "vpc_config": [
              {
                "cluster_security_group_id": "sg-029e5b1e32ab2dc9b",
                "endpoint_private_access": false,
                "endpoint_public_access": true,
                "public_access_cidrs": [
                  "0.0.0.0/0"
                ],
                "security_group_ids": [
                  "sg-0e4823bd3818b4606"
                ],
                "subnet_ids": [
                  "subnet-035676c6e99fdc01f",
                  "subnet-03cb1a2bb8223e4eb"
                ],
                "vpc_id": "vpc-07277e876f4957e0b"
              }
            ]
          },
          "sensitive_attributes": [],
          "private": "eyJlMmJmYjczMC1lY2FhLTExZTYtOGY4OC0zNDM2M2JjN2M0YzAiOnsiY3JlYXRlIjoxODAwMDAwMDAwMDAwLCJkZWxldGUiOjkwMDAwMDAwMDAwMCwidXBkYXRlIjozNjAwMDAwMDAwMDAwfX0=",
          "dependencies": [
            "aws_iam_role.iam-role-eks-cluster",
            "aws_iam_role_policy_attachment.eks-cluster-AmazonEKSClusterPolicy",
            "aws_security_group.eks-cluster",
            "aws_subnet.sub_pub",
            "aws_subnet.sub_pvt",
            "aws_vpc.VPC_K8s"
          ]
        }
      ]
    },
    {
      "mode": "managed",
      "type": "aws_iam_role",
      "name": "iam-role-eks-cluster",
      "provider": "provider[\"registry.terraform.io/hashicorp/aws\"]",
      "instances": [
        {
          "schema_version": 0,
          "attributes": {
            "arn": "arn:aws:iam::414399442808:role/terraformekscluster",
            "assume_role_policy": "{\"Version\":\"2012-10-17\",\"Statement\":[{\"Effect\":\"Allow\",\"Principal\":{\"Service\":\"eks.amazonaws.com\"},\"Action\":\"sts:AssumeRole\"}]}",
            "create_date": "2022-04-08T07:17:33Z",
            "description": "",
            "force_detach_policies": false,
            "id": "terraformekscluster",
            "inline_policy": [
              {
                "name": "",
                "policy": ""
              }
            ],
            "managed_policy_arns": [],
            "max_session_duration": 3600,
            "name": "terraformekscluster",
            "name_prefix": "",
            "path": "/",
            "permissions_boundary": null,
            "tags": null,
            "tags_all": {},
            "unique_id": "AROAWA7BBV54KGRH2RNKF"
          },
          "sensitive_attributes": [],
          "private": "bnVsbA=="
        }
      ]
    },
    {
      "mode": "managed",
      "type": "aws_iam_role_policy_attachment",
      "name": "eks-cluster-AmazonEKSClusterPolicy",
      "provider": "provider[\"registry.terraform.io/hashicorp/aws\"]",
      "instances": [
        {
          "schema_version": 0,
          "attributes": {
            "id": "terraformekscluster-20220408071735360100000001",
            "policy_arn": "arn:aws:iam::aws:policy/AmazonEKSClusterPolicy",
            "role": "terraformekscluster"
          },
          "sensitive_attributes": [],
          "private": "bnVsbA==",
          "dependencies": [
            "aws_iam_role.iam-role-eks-cluster"
          ]
        }
      ]
    },
    {
      "mode": "managed",
      "type": "aws_internet_gateway",
      "name": "igw",
      "provider": "provider[\"registry.terraform.io/hashicorp/aws\"]",
      "instances": [
        {
          "schema_version": 0,
          "attributes": {
            "arn": "arn:aws:ec2:eu-west-1:414399442808:internet-gateway/igw-044545bde584730ac",
            "id": "igw-044545bde584730ac",
            "owner_id": "414399442808",
            "tags": {
              "Name": "k8s_vpc_igw"
            },
            "tags_all": {
              "Name": "k8s_vpc_igw"
            },
            "vpc_id": "vpc-07277e876f4957e0b"
          },
          "sensitive_attributes": [],
          "private": "bnVsbA==",
          "dependencies": [
            "aws_vpc.VPC_K8s"
          ]
        }
      ]
    },
    {
      "mode": "managed",
      "type": "aws_route_table",
      "name": "K8s_RT",
      "provider": "provider[\"registry.terraform.io/hashicorp/aws\"]",
      "instances": [
        {
          "schema_version": 0,
          "attributes": {
            "arn": "arn:aws:ec2:eu-west-1:414399442808:route-table/rtb-08eef4c362fa101f2",
            "id": "rtb-08eef4c362fa101f2",
            "owner_id": "414399442808",
            "propagating_vgws": [],
            "route": [
              {
                "carrier_gateway_id": "",
                "cidr_block": "0.0.0.0/0",
                "core_network_arn": "",
                "destination_prefix_list_id": "",
                "egress_only_gateway_id": "",
                "gateway_id": "igw-044545bde584730ac",
                "instance_id": "",
                "ipv6_cidr_block": "",
                "local_gateway_id": "",
                "nat_gateway_id": "",
                "network_interface_id": "",
                "transit_gateway_id": "",
                "vpc_endpoint_id": "",
                "vpc_peering_connection_id": ""
              }
            ],
            "tags": {
              "Name": "Main_k8s_RT"
            },
            "tags_all": {
              "Name": "Main_k8s_RT"
            },
            "timeouts": null,
            "vpc_id": "vpc-07277e876f4957e0b"
          },
          "sensitive_attributes": [],
          "private": "eyJlMmJmYjczMC1lY2FhLTExZTYtOGY4OC0zNDM2M2JjN2M0YzAiOnsiY3JlYXRlIjozMDAwMDAwMDAwMDAsImRlbGV0ZSI6MzAwMDAwMDAwMDAwLCJ1cGRhdGUiOjEyMDAwMDAwMDAwMH19",
          "dependencies": [
            "aws_internet_gateway.igw",
            "aws_vpc.VPC_K8s"
          ]
        }
      ]
    },
    {
      "mode": "managed",
      "type": "aws_security_group",
      "name": "eks-cluster",
      "provider": "provider[\"registry.terraform.io/hashicorp/aws\"]",
      "instances": [
        {
          "schema_version": 1,
          "attributes": {
            "arn": "arn:aws:ec2:eu-west-1:414399442808:security-group/sg-0e4823bd3818b4606",
            "description": "Managed by Terraform",
            "egress": [
              {
                "cidr_blocks": [
                  "0.0.0.0/0"
                ],
                "description": "",
                "from_port": 0,
                "ipv6_cidr_blocks": [],
                "prefix_list_ids": [],
                "protocol": "-1",
                "security_groups": [],
                "self": false,
                "to_port": 0
              }
            ],
            "id": "sg-0e4823bd3818b4606",
            "ingress": [
              {
                "cidr_blocks": [
                  "0.0.0.0/0"
                ],
                "description": "",
                "from_port": 0,
                "ipv6_cidr_blocks": [],
                "prefix_list_ids": [],
                "protocol": "-1",
                "security_groups": [],
                "self": false,
                "to_port": 0
              }
            ],
            "name": "SG-eks-cluster",
            "name_prefix": "",
            "owner_id": "414399442808",
            "revoke_rules_on_delete": false,
            "tags": null,
            "tags_all": {},
            "timeouts": null,
            "vpc_id": "vpc-07277e876f4957e0b"
          },
          "sensitive_attributes": [],
          "private": "eyJlMmJmYjczMC1lY2FhLTExZTYtOGY4OC0zNDM2M2JjN2M0YzAiOnsiY3JlYXRlIjo2MDAwMDAwMDAwMDAsImRlbGV0ZSI6OTAwMDAwMDAwMDAwfSwic2NoZW1hX3ZlcnNpb24iOiIxIn0=",
          "dependencies": [
            "aws_vpc.VPC_K8s"
          ]
        }
      ]
    },
    {
      "mode": "managed",
      "type": "aws_subnet",
      "name": "sub_pub",
      "provider": "provider[\"registry.terraform.io/hashicorp/aws\"]",
      "instances": [
        {
          "schema_version": 1,
          "attributes": {
            "arn": "arn:aws:ec2:eu-west-1:414399442808:subnet/subnet-035676c6e99fdc01f",
            "assign_ipv6_address_on_creation": false,
            "availability_zone": "eu-west-1a",
            "availability_zone_id": "euw1-az3",
            "cidr_block": "10.0.1.0/24",
            "customer_owned_ipv4_pool": "",
            "enable_dns64": false,
            "enable_resource_name_dns_a_record_on_launch": false,
            "enable_resource_name_dns_aaaa_record_on_launch": false,
            "id": "subnet-035676c6e99fdc01f",
            "ipv6_cidr_block": "",
            "ipv6_cidr_block_association_id": "",
            "ipv6_native": false,
            "map_customer_owned_ip_on_launch": false,
            "map_public_ip_on_launch": false,
            "outpost_arn": "",
            "owner_id": "414399442808",
            "private_dns_hostname_type_on_launch": "ip-name",
            "tags": {
              "Name": "Pub_sub_k8s"
            },
            "tags_all": {
              "Name": "Pub_sub_k8s"
            },
            "timeouts": null,
            "vpc_id": "vpc-07277e876f4957e0b"
          },
          "sensitive_attributes": [],
          "private": "eyJlMmJmYjczMC1lY2FhLTExZTYtOGY4OC0zNDM2M2JjN2M0YzAiOnsiY3JlYXRlIjo2MDAwMDAwMDAwMDAsImRlbGV0ZSI6MTIwMDAwMDAwMDAwMH0sInNjaGVtYV92ZXJzaW9uIjoiMSJ9",
          "dependencies": [
            "aws_vpc.VPC_K8s"
          ]
        }
      ]
    },
    {
      "mode": "managed",
      "type": "aws_subnet",
      "name": "sub_pvt",
      "provider": "provider[\"registry.terraform.io/hashicorp/aws\"]",
      "instances": [
        {
          "schema_version": 1,
          "attributes": {
            "arn": "arn:aws:ec2:eu-west-1:414399442808:subnet/subnet-03cb1a2bb8223e4eb",
            "assign_ipv6_address_on_creation": false,
            "availability_zone": "eu-west-1b",
            "availability_zone_id": "euw1-az1",
            "cidr_block": "10.0.2.0/24",
            "customer_owned_ipv4_pool": "",
            "enable_dns64": false,
            "enable_resource_name_dns_a_record_on_launch": false,
            "enable_resource_name_dns_aaaa_record_on_launch": false,
            "id": "subnet-03cb1a2bb8223e4eb",
            "ipv6_cidr_block": "",
            "ipv6_cidr_block_association_id": "",
            "ipv6_native": false,
            "map_customer_owned_ip_on_launch": false,
            "map_public_ip_on_launch": false,
            "outpost_arn": "",
            "owner_id": "414399442808",
            "private_dns_hostname_type_on_launch": "ip-name",
            "tags": {
              "Name": "Pvt_sub_k8s"
            },
            "tags_all": {
              "Name": "Pvt_sub_k8s"
            },
            "timeouts": null,
            "vpc_id": "vpc-07277e876f4957e0b"
          },
          "sensitive_attributes": [],
          "private": "eyJlMmJmYjczMC1lY2FhLTExZTYtOGY4OC0zNDM2M2JjN2M0YzAiOnsiY3JlYXRlIjo2MDAwMDAwMDAwMDAsImRlbGV0ZSI6MTIwMDAwMDAwMDAwMH0sInNjaGVtYV92ZXJzaW9uIjoiMSJ9",
          "dependencies": [
            "aws_vpc.VPC_K8s"
          ]
        }
      ]
    },
    {
      "mode": "managed",
      "type": "aws_vpc",
      "name": "VPC_K8s",
      "provider": "provider[\"registry.terraform.io/hashicorp/aws\"]",
      "instances": [
        {
          "schema_version": 1,
          "attributes": {
            "arn": "arn:aws:ec2:eu-west-1:414399442808:vpc/vpc-07277e876f4957e0b",
            "assign_generated_ipv6_cidr_block": false,
            "cidr_block": "10.0.0.0/16",
            "default_network_acl_id": "acl-0253e614e806ce89b",
            "default_route_table_id": "rtb-00276c20af0c17571",
            "default_security_group_id": "sg-044e579c466eb3e6d",
            "dhcp_options_id": "dopt-29e6e24d",
            "enable_classiclink": false,
            "enable_classiclink_dns_support": false,
            "enable_dns_hostnames": false,
            "enable_dns_support": true,
            "id": "vpc-07277e876f4957e0b",
            "instance_tenancy": "default",
            "ipv4_ipam_pool_id": null,
            "ipv4_netmask_length": null,
            "ipv6_association_id": "",
            "ipv6_cidr_block": "",
            "ipv6_cidr_block_network_border_group": "",
            "ipv6_ipam_pool_id": "",
            "ipv6_netmask_length": 0,
            "main_route_table_id": "rtb-00276c20af0c17571",
            "owner_id": "414399442808",
            "tags": {
              "Name": "VPC_k8s"
            },
            "tags_all": {
              "Name": "VPC_k8s"
            }
          },
          "sensitive_attributes": [],
          "private": "eyJzY2hlbWFfdmVyc2lvbiI6IjEifQ=="
        }
      ]
    }
  ]
}
